{
  "name": "boxjs",
  "version": "1.0.0",
  "lockfileVersion": 1,
  "dependencies": {
    "acorn": {
      "version": "4.0.13",
      "resolved": "https://registry.npmjs.org/acorn/-/acorn-4.0.13.tgz",
      "integrity": "sha1-EFSVrlNh1pe9GVyCUZLhrX8lN4c=",
      "dev": true
    },
    "commander": {
      "version": "2.9.0",
      "resolved": "https://registry.npmjs.org/commander/-/commander-2.9.0.tgz",
      "integrity": "sha1-nJkJQXbhIkDLItbFFGCYQA/g99Q=",
      "dev": true
    },
    "defined": {
      "version": "1.0.0",
      "resolved": "https://registry.npmjs.org/defined/-/defined-1.0.0.tgz",
      "integrity": "sha1-yY2bzvdWdBiOEQlpFRGZ45sfppM=",
      "dev": true
    },
    "detective": {
      "version": "4.5.0",
      "resolved": "https://registry.npmjs.org/detective/-/detective-4.5.0.tgz",
      "integrity": "sha1-blqMaybmx6JUsca210kNmOyR7dE=",
      "dev": true
    },
    "graceful-readlink": {
      "version": "1.0.1",
      "resolved": "https://registry.npmjs.org/graceful-readlink/-/graceful-readlink-1.0.1.tgz",
      "integrity": "sha1-TK+tdrxi8C+gObL5Tpo906ORpyU=",
      "dev": true
    },
    "pre-req": {
      "version": "1.1.2",
      "resolved": "https://registry.npmjs.org/pre-req/-/pre-req-1.1.2.tgz",
      "integrity": "sha512-1MF55hJqRaN9pVkIZBHFWpM9V+hsxlcgcmjluyJZbID0O2llBnM6xvNgzEEZNWRqNEMDuHXj2ntvCdVm+o2oDw==",
      "dev": true
    },
    "source-map": {
      "version": "0.5.6",
      "resolved": "https://registry.npmjs.org/source-map/-/source-map-0.5.6.tgz",
      "integrity": "sha1-dc449SvwczxafwwRjYEzSiu19BI=",
      "dev": true
    },
    "uglify-es": {
      "version": "3.0.19",
      "resolved": "https://registry.npmjs.org/uglify-es/-/uglify-es-3.0.19.tgz",
      "integrity": "sha512-d6ed8hkMCAIWdC+Nl3ihQo/eiX8cMNTbUAC2AEF0vlLTHIR3yAY6tdDoRRL4GuZ/jWQ7JVPK+uSp5XWRL3AVcw==",
      "dev": true
    }
  }
}
